{
  "name": "fukushimafish",
  "version": "1.0.0",
  "lockfileVersion": 2,
  "requires": true,
  "packages": {
    "": {
      "name": "fukushimafish",
      "version": "1.0.0",
      "license": "ISC",
      "dependencies": {
        "@openzeppelin/contracts": "^4.8.3",
        "operator-filter-registry": "^1.4.1",
        "solmate": "^6.6.1"
      },
      "devDependencies": {
        "erc721a": "^4.2.3"
      }
    },
    "node_modules/@openzeppelin/contracts": {
      "version": "4.8.3",
      "resolved": "https://registry.npmjs.org/@openzeppelin/contracts/-/contracts-4.8.3.tgz",
      "integrity": "sha512-bQHV8R9Me8IaJoJ2vPG4rXcL7seB7YVuskr4f+f5RyOStSZetwzkWtoqDMl5erkBJy0lDRUnIR2WIkPiC0GJlg=="
    },
    "node_modules/@openzeppelin/contracts-upgradeable": {
      "version": "4.8.3",
      "resolved": "https://registry.npmjs.org/@openzeppelin/contracts-upgradeable/-/contracts-upgradeable-4.8.3.tgz",
      "integrity": "sha512-SXDRl7HKpl2WDoJpn7CK/M9U4Z8gNXDHHChAKh0Iz+Wew3wu6CmFYBeie3je8V0GSXZAIYYwUktSrnW/kwVPtg=="
    },
    "node_modules/erc721a": {
      "version": "4.2.3",
      "resolved": "https://registry.npmjs.org/erc721a/-/erc721a-4.2.3.tgz",
      "integrity": "sha512-0deF0hOOK1XI1Vxv3NKDh2E9sgzRlENuOoexjXRJIRfYCsLlqi9ejl2RF6Wcd9HfH0ldqC03wleQ2WDjxoOUvA==",
      "dev": true
    },
    "node_modules/operator-filter-registry": {
      "version": "1.4.1",
      "resolved": "https://registry.npmjs.org/operator-filter-registry/-/operator-filter-registry-1.4.1.tgz",
      "integrity": "sha512-lF/6nkWqaKnoSISyF1FlyWCdsGH+mj1HKMwDxH1HcMDyJ8vHn3fJEh08VX1gT9D43eE1rY34zLRj3opt26YoMQ==",
      "dependencies": {
        "@openzeppelin/contracts": "^4.7.3",
        "@openzeppelin/contracts-upgradeable": "^4.8.0"
      }
    },
    "node_modules/solmate": {
      "version": "6.6.1",
      "resolved": "https://registry.npmjs.org/solmate/-/solmate-6.6.1.tgz",
      "integrity": "sha512-WHvRXQvGtgR6R9nmkDTz/d+oULMqf/D33rlzQyadTX2SbuTmaW7ToEjGjGtWUVCQwZsZ/JP3vbOEVv7fB50btg=="
    }
  },
  "dependencies": {
    "@openzeppelin/contracts": {
      "version": "4.8.3",
      "resolved": "https://registry.npmjs.org/@openzeppelin/contracts/-/contracts-4.8.3.tgz",
      "integrity": "sha512-bQHV8R9Me8IaJoJ2vPG4rXcL7seB7YVuskr4f+f5RyOStSZetwzkWtoqDMl5erkBJy0lDRUnIR2WIkPiC0GJlg=="
    },
    "@openzeppelin/contracts-upgradeable": {
      "version": "4.8.3",
      "resolved": "https://registry.npmjs.org/@openzeppelin/contracts-upgradeable/-/contracts-upgradeable-4.8.3.tgz",
      "integrity": "sha512-SXDRl7HKpl2WDoJpn7CK/M9U4Z8gNXDHHChAKh0Iz+Wew3wu6CmFYBeie3je8V0GSXZAIYYwUktSrnW/kwVPtg=="
    },
    "erc721a": {
      "version": "4.2.3",
      "resolved": "https://registry.npmjs.org/erc721a/-/erc721a-4.2.3.tgz",
      "integrity": "sha512-0deF0hOOK1XI1Vxv3NKDh2E9sgzRlENuOoexjXRJIRfYCsLlqi9ejl2RF6Wcd9HfH0ldqC03wleQ2WDjxoOUvA==",
      "dev": true
    },
    "operator-filter-registry": {
      "version": "1.4.1",
      "resolved": "https://registry.npmjs.org/operator-filter-registry/-/operator-filter-registry-1.4.1.tgz",
      "integrity": "sha512-lF/6nkWqaKnoSISyF1FlyWCdsGH+mj1HKMwDxH1HcMDyJ8vHn3fJEh08VX1gT9D43eE1rY34zLRj3opt26YoMQ==",
      "requires": {
        "@openzeppelin/contracts": "^4.7.3",
        "@openzeppelin/contracts-upgradeable": "^4.8.0"
      }
    },
    "solmate": {
      "version": "6.6.1",
      "resolved": "https://registry.npmjs.org/solmate/-/solmate-6.6.1.tgz",
      "integrity": "sha512-WHvRXQvGtgR6R9nmkDTz/d+oULMqf/D33rlzQyadTX2SbuTmaW7ToEjGjGtWUVCQwZsZ/JP3vbOEVv7fB50btg=="
    }
  }
}
